
Microsoft Visual Studio Solution File, Format Version 12.00
# Visual Studio Version 16
VisualStudioVersion = 16.0.28803.352
MinimumVisualStudioVersion = 10.0.40219.1
Project("{FAE04EC0-301F-11D3-BF4B-00C04F79EFBC}") = "Test4", "Avalicacao4\Test4.csproj", "{CCD1970B-EE35-4C73-B2DA-EA832B7F50F5}"
EndProject
Project("{FAE04EC0-301F-11D3-BF4B-00C04F79EFBC}") = "Test1", "Test1\Test1.csproj", "{31975EFB-3C05-4B20-AD44-C4D364B22D75}"
EndProject
Project("{FAE04EC0-301F-11D3-BF4B-00C04F79EFBC}") = "Test2", "Test2\Test2.csproj", "{9B7AC9F6-A8D4-4B16-854A-2BA21B22DA95}"
EndProject
Project("{FAE04EC0-301F-11D3-BF4B-00C04F79EFBC}") = "Test3", "Test3\Test3.csproj", "{CD179716-9CBF-4654-8374-499DF73C87E8}"
EndProject
Global
	GlobalSection(SolutionConfigurationPlatforms) = preSolution
		Debug|Any CPU = Debug|Any CPU
		Release|Any CPU = Release|Any CPU
	EndGlobalSection
	GlobalSection(ProjectConfigurationPlatforms) = postSolution
		{CCD1970B-EE35-4C73-B2DA-EA832B7F50F5}.Debug|Any CPU.ActiveCfg = Debug|Any CPU
		{CCD1970B-EE35-4C73-B2DA-EA832B7F50F5}.Debug|Any CPU.Build.0 = Debug|Any CPU
		{CCD1970B-EE35-4C73-B2DA-EA832B7F50F5}.Release|Any CPU.ActiveCfg = Release|Any CPU
		{CCD1970B-EE35-4C73-B2DA-EA832B7F50F5}.Release|Any CPU.Build.0 = Release|Any CPU
		{31975EFB-3C05-4B20-AD44-C4D364B22D75}.Debug|Any CPU.ActiveCfg = Debug|Any CPU
		{31975EFB-3C05-4B20-AD44-C4D364B22D75}.Debug|Any CPU.Build.0 = Debug|Any CPU
		{31975EFB-3C05-4B20-AD44-C4D364B22D75}.Release|Any CPU.ActiveCfg = Release|Any CPU
		{31975EFB-3C05-4B20-AD44-C4D364B22D75}.Release|Any CPU.Build.0 = Release|Any CPU
		{9B7AC9F6-A8D4-4B16-854A-2BA21B22DA95}.Debug|Any CPU.ActiveCfg = Debug|Any CPU
		{9B7AC9F6-A8D4-4B16-854A-2BA21B22DA95}.Debug|Any CPU.Build.0 = Debug|Any CPU
		{9B7AC9F6-A8D4-4B16-854A-2BA21B22DA95}.Release|Any CPU.ActiveCfg = Release|Any CPU
		{9B7AC9F6-A8D4-4B16-854A-2BA21B22DA95}.Release|Any CPU.Build.0 = Release|Any CPU
		{CD179716-9CBF-4654-8374-499DF73C87E8}.Debug|Any CPU.ActiveCfg = Debug|Any CPU
		{CD179716-9CBF-4654-8374-499DF73C87E8}.Debug|Any CPU.Build.0 = Debug|Any CPU
		{CD179716-9CBF-4654-8374-499DF73C87E8}.Release|Any CPU.ActiveCfg = Release|Any CPU
		{CD179716-9CBF-4654-8374-499DF73C87E8}.Release|Any CPU.Build.0 = Release|Any CPU
	EndGlobalSection
	GlobalSection(SolutionProperties) = preSolution
		HideSolutionNode = FALSE
	EndGlobalSection
	GlobalSection(ExtensibilityGlobals) = postSolution
		SolutionGuid = {9E5CB5FC-EF7B-42C5-8F92-6F3190ADFC82}
	EndGlobalSection
EndGlobal
